{
  "name": "geonetwork-ui-tools",
  "lockfileVersion": 3,
  "requires": true,
  "packages": {
    "": {
      "name": "geonetwork-ui-tools",
      "devDependencies": {
        "commander": "11.1.0"
      }
    },
    "node_modules/commander": {
      "version": "11.1.0",
      "resolved": "https://registry.npmjs.org/commander/-/commander-11.1.0.tgz",
      "integrity": "sha512-yPVavfyCcRhmorC7rWlkHn15b4wDVgVmBA7kV4QVBsF7kv/9TKJAbAXVTxvTnwP8HHKjRCJDClKbciiYS7p0DQ==",
      "dev": true,
      "engines": {
        "node": ">=16"
      }
    }
  }
}
